// !$*UTF8*$!
{
	archiveVersion = 1;
	classes = {
	};
	objectVersion = 55;
	objects = {

/* Begin PBXBuildFile section */
		E227D61D28BA2DED002A0609 /* AppDelegate.swift in Sources */ = {isa = PBXBuildFile; fileRef = E227D61C28BA2DED002A0609 /* AppDelegate.swift */; };
		E227D62128BA2DED002A0609 /* ViewController.swift in Sources */ = {isa = PBXBuildFile; fileRef = E227D62028BA2DED002A0609 /* ViewController.swift */; };
		E227D62428BA2DED002A0609 /* Main.storyboard in Resources */ = {isa = PBXBuildFile; fileRef = E227D62228BA2DED002A0609 /* Main.storyboard */; };
		E227D62628BA2DEF002A0609 /* Assets.xcassets in Resources */ = {isa = PBXBuildFile; fileRef = E227D62528BA2DEF002A0609 /* Assets.xcassets */; };
		E227D62928BA2DEF002A0609 /* LaunchScreen.storyboard in Resources */ = {isa = PBXBuildFile; fileRef = E227D62728BA2DEF002A0609 /* LaunchScreen.storyboard */; };
		E227D63228BA35A9002A0609 /* UILabelExtension.swift in Sources */ = {isa = PBXBuildFile; fileRef = E227D63128BA35A9002A0609 /* UILabelExtension.swift */; };
		E227D63428BA35BA002A0609 /* UITapGestureExtension.swift in Sources */ = {isa = PBXBuildFile; fileRef = E227D63328BA35BA002A0609 /* UITapGestureExtension.swift */; };
/* End PBXBuildFile section */

/* Begin PBXFileReference section */
		E227D61928BA2DED002A0609 /* ExpendLabelDemo.app */ = {isa = PBXFileReference; explicitFileType = wrapper.application; includeInIndex = 0; path = ExpendLabelDemo.app; sourceTree = BUILT_PRODUCTS_DIR; };
		E227D61C28BA2DED002A0609 /* AppDelegate.swift */ = {isa = PBXFileReference; lastKnownFileType = sourcecode.swift; path = AppDelegate.swift; sourceTree = "<group>"; };
		E227D62028BA2DED002A0609 /* ViewController.swift */ = {isa = PBXFileReference; lastKnownFileType = sourcecode.swift; path = ViewController.swift; sourceTree = "<group>"; };
		E227D62328BA2DED002A0609 /* Base */ = {isa = PBXFileReference; lastKnownFileType = file.storyboard; name = Base; path = Base.lproj/Main.storyboard; sourceTree = "<group>"; };
		E227D62528BA2DEF002A0609 /* Assets.xcassets */ = {isa = PBXFileReference; lastKnownFileType = folder.assetcatalog; path = Assets.xcassets; sourceTree = "<group>"; };
		E227D62828BA2DEF002A0609 /* Base */ = {isa = PBXFileReference; lastKnownFileType = file.storyboard; name = Base; path = Base.lproj/LaunchScreen.storyboard; sourceTree = "<group>"; };
		E227D62A28BA2DEF002A0609 /* Info.plist */ = {isa = PBXFileReference; lastKnownFileType = text.plist.xml; path = Info.plist; sourceTree = "<group>"; };
		E227D63128BA35A9002A0609 /* UILabelExtension.swift */ = {isa = PBXFileReference; lastKnownFileType = sourcecode.swift; path = UILabelExtension.swift; sourceTree = "<group>"; };
		E227D63328BA35BA002A0609 /* UITapGestureExtension.swift */ = {isa = PBXFileReference; lastKnownFileType = sourcecode.swift; path = UITapGestureExtension.swift; sourceTree = "<group>"; };
/* End PBXFileReference section */

/* Begin PBXFrameworksBuildPhase section */
		E227D61628BA2DED002A0609 /* Frameworks */ = {
			isa = PBXFrameworksBuildPhase;
			buildActionMask = 2147483647;
			files = (
			);
			runOnlyForDeploymentPostprocessing = 0;
		};
/* End PBXFrameworksBuildPhase section */

/* Begin PBXGroup section */
		E227D61028BA2DED002A0609 = {
			isa = PBXGroup;
			children = (
				E227D61B28BA2DED002A0609 /* ExpendLabelDemo */,
				E227D61A28BA2DED002A0609 /* Products */,
			);
			sourceTree = "<group>";
		};
		E227D61A28BA2DED002A0609 /* Products */ = {
			isa = PBXGroup;
			children = (
				E227D61928BA2DED002A0609 /* ExpendLabelDemo.app */,
			);
			name = Products;
			sourceTree = "<group>";
		};
		E227D61B28BA2DED002A0609 /* ExpendLabelDemo */ = {
			isa = PBXGroup;
			children = (
				E227D63028BA3594002A0609 /* HelperExtension */,
				E227D61C28BA2DED002A0609 /* AppDelegate.swift */,
				E227D62028BA2DED002A0609 /* ViewController.swift */,
				E227D62228BA2DED002A0609 /* Main.storyboard */,
				E227D62528BA2DEF002A0609 /* Assets.xcassets */,
				E227D62728BA2DEF002A0609 /* LaunchScreen.storyboard */,
				E227D62A28BA2DEF002A0609 /* Info.plist */,
			);
			path = ExpendLabelDemo;
			sourceTree = "<group>";
		};
		E227D63028BA3594002A0609 /* HelperExtension */ = {
			isa = PBXGroup;
			children = (
				E227D63128BA35A9002A0609 /* UILabelExtension.swift */,
				E227D63328BA35BA002A0609 /* UITapGestureExtension.swift */,
			);
			path = HelperExtension;
			sourceTree = "<group>";
		};
/* End PBXGroup section */

/* Begin PBXNativeTarget section */
		E227D61828BA2DED002A0609 /* ExpendLabelDemo */ = {
			isa = PBXNativeTarget;
			buildConfigurationList = E227D62D28BA2DEF002A0609 /* Build configuration list for PBXNativeTarget "ExpendLabelDemo" */;
			buildPhases = (
				E227D61528BA2DED002A0609 /* Sources */,
				E227D61628BA2DED002A0609 /* Frameworks */,
				E227D61728BA2DED002A0609 /* Resources */,
			);
			buildRules = (
			);
			dependencies = (
			);
			name = ExpendLabelDemo;
			productName = ExpendLabelDemo;
			productReference = E227D61928BA2DED002A0609 /* ExpendLabelDemo.app */;
			productType = "com.apple.product-type.application";
		};
/* End PBXNativeTarget section */

/* Begin PBXProject section */
		E227D61128BA2DED002A0609 /* Project object */ = {
			isa = PBXProject;
			attributes = {
				BuildIndependentTargetsInParallel = 1;
				LastSwiftUpdateCheck = 1320;
				LastUpgradeCheck = 1320;
				TargetAttributes = {
					E227D61828BA2DED002A0609 = {
						CreatedOnToolsVersion = 13.2.1;
					};
				};
			};
			buildConfigurationList = E227D61428BA2DED002A0609 /* Build configuration list for PBXProject "ExpendLabelDemo" */;
			compatibilityVersion = "Xcode 13.0";
			developmentRegion = en;
			hasScannedForEncodings = 0;
			knownRegions = (
				en,
				Base,
			);
			mainGroup = E227D61028BA2DED002A0609;
			productRefGroup = E227D61A28BA2DED002A0609 /* Products */;
			projectDirPath = "";
			projectRoot = "";
			targets = (
				E227D61828BA2DED002A0609 /* ExpendLabelDemo */,
			);
		};
/* End PBXProject section */

/* Begin PBXResourcesBuildPhase section */
		E227D61728BA2DED002A0609 /* Resources */ = {
			isa = PBXResourcesBuildPhase;
			buildActionMask = 2147483647;
			files = (
				E227D62928BA2DEF002A0609 /* LaunchScreen.storyboard in Resources */,
				E227D62628BA2DEF002A0609 /* Assets.xcassets in Resources */,
				E227D62428BA2DED002A0609 /* Main.storyboard in Resources */,
			);
			runOnlyForDeploymentPostprocessing = 0;
		};
/* End PBXResourcesBuildPhase section */

/* Begin PBXSourcesBuildPhase section */
		E227D61528BA2DED002A0609 /* Sources */ = {
			isa = PBXSourcesBuildPhase;
			buildActionMask = 2147483647;
			files = (
				E227D63228BA35A9002A0609 /* UILabelExtension.swift in Sources */,
				E227D62128BA2DED002A0609 /* ViewController.swift in Sources */,
				E227D61D28BA2DED002A0609 /* AppDelegate.swift in Sources */,
				E227D63428BA35BA002A0609 /* UITapGestureExtension.swift in Sources */,
			);
			runOnlyForDeploymentPostprocessing = 0;
		};
/* End PBXSourcesBuildPhase section */

/* Begin PBXVariantGroup section */
		E227D62228BA2DED002A0609 /* Main.storyboard */ = {
			isa = PBXVariantGroup;
			children = (
				E227D62328BA2DED002A0609 /* Base */,
			);
			name = Main.storyboard;
			sourceTree = "<group>";
		};
		E227D62728BA2DEF002A0609 /* LaunchScreen.storyboard */ = {
			isa = PBXVariantGroup;
			children = (
				E227D62828BA2DEF002A0609 /* Base */,
			);
			name = LaunchScreen.storyboard;
			sourceTree = "<group>";
		};
/* End PBXVariantGroup section */

/* Begin XCBuildConfiguration section */
		E227D62B28BA2DEF002A0609 /* Debug */ = {
			isa = XCBuildConfiguration;
			buildSettings = {
				ALWAYS_SEARCH_USER_PATHS = NO;
				CLANG_ANALYZER_NONNULL = YES;
				CLANG_ANALYZER_NUMBER_OBJECT_CONVERSION = YES_AGGRESSIVE;
				CLANG_CXX_LANGUAGE_STANDARD = "gnu++17";
				CLANG_CXX_LIBRARY = "libc++";
				CLANG_ENABLE_MODULES = YES;
				CLANG_ENABLE_OBJC_ARC = YES;
				CLANG_ENABLE_OBJC_WEAK = YES;
				CLANG_WARN_BLOCK_CAPTURE_AUTORELEASING = YES;
				CLANG_WARN_BOOL_CONVERSION = YES;
				CLANG_WARN_COMMA = YES;
				CLANG_WARN_CONSTANT_CONVERSION = YES;
				CLANG_WARN_DEPRECATED_OBJC_IMPLEMENTATIONS = YES;
				CLANG_WARN_DIRECT_OBJC_ISA_USAGE = YES_ERROR;
				CLANG_WARN_DOCUMENTATION_COMMENTS = YES;
				CLANG_WARN_EMPTY_BODY = YES;
				CLANG_WARN_ENUM_CONVERSION = YES;
				CLANG_WARN_INFINITE_RECURSION = YES;
				CLANG_WARN_INT_CONVERSION = YES;
				CLANG_WARN_NON_LITERAL_NULL_CONVERSION = YES;
				CLANG_WARN_OBJC_IMPLICIT_RETAIN_SELF = YES;
				CLANG_WARN_OBJC_LITERAL_CONVERSION = YES;
				CLANG_WARN_OBJC_ROOT_CLASS = YES_ERROR;
				CLANG_WARN_QUOTED_INCLUDE_IN_FRAMEWORK_HEADER = YES;
				CLANG_WARN_RANGE_LOOP_ANALYSIS = YES;
				CLANG_WARN_STRICT_PROTOTYPES = YES;
				CLANG_WARN_SUSPICIOUS_MOVE = YES;
				CLANG_WARN_UNGUARDED_AVAILABILITY = YES_AGGRESSIVE;
				CLANG_WARN_UNREACHABLE_CODE = YES;
				CLANG_WARN__DUPLICATE_METHOD_MATCH = YES;
				COPY_PHASE_STRIP = NO;
				DEBUG_INFORMATION_FORMAT = dwarf;
				ENABLE_STRICT_OBJC_MSGSEND = YES;
				ENABLE_TESTABILITY = YES;
				GCC_C_LANGUAGE_STANDARD = gnu11;
				GCC_DYNAMIC_NO_PIC = NO;
				GCC_NO_COMMON_BLOCKS = YES;
				GCC_OPTIMIZATION_LEVEL = 0;
				GCC_PREPROCESSOR_DEFINITIONS = (
					"DEBUG=1",
					"$(inherited)",
				);
				GCC_WARN_64_TO_32_BIT_CONVERSION = YES;
				GCC_WARN_ABOUT_RETURN_TYPE = YES_ERROR;
				GCC_WARN_UNDECLARED_SELECTOR = YES;
				GCC_WARN_UNINITIALIZED_AUTOS = YES_AGGRESSIVE;
				GCC_WARN_UNUSED_FUNCTION = YES;
				GCC_WARN_UNUSED_VARIABLE = YES;
				IPHONEOS_DEPLOYMENT_TARGET = 15.2;
				MTL_ENABLE_DEBUG_INFO = INCLUDE_SOURCE;
				MTL_FAST_MATH = YES;
				ONLY_ACTIVE_ARCH = YES;
				SDKROOT = iphoneos;
				SWIFT_ACTIVE_COMPILATION_CONDITIONS = DEBUG;
				SWIFT_OPTIMIZATION_LEVEL = "-Onone";
			};
			name = Debug;
		};
		E227D62C28BA2DEF002A0609 /* Release */ = {
			isa = XCBuildConfiguration;
			buildSettings = {
				ALWAYS_SEARCH_USER_PATHS = NO;
				CLANG_ANALYZER_NONNULL = YES;
				CLANG_ANALYZER_NUMBER_OBJECT_CONVERSION = YES_AGGRESSIVE;
				CLANG_CXX_LANGUAGE_STANDARD = "gnu++17";
				CLANG_CXX_LIBRARY = "libc++";
				CLANG_ENABLE_MODULES = YES;
				CLANG_ENABLE_OBJC_ARC = YES;
				CLANG_ENABLE_OBJC_WEAK = YES;
				CLANG_WARN_BLOCK_CAPTURE_AUTORELEASING = YES;
				CLANG_WARN_BOOL_CONVERSION = YES;
				CLANG_WARN_COMMA = YES;
				CLANG_WARN_CONSTANT_CONVERSION = YES;
				CLANG_WARN_DEPRECATED_OBJC_IMPLEMENTATIONS = YES;
				CLANG_WARN_DIRECT_OBJC_ISA_USAGE = YES_ERROR;
				CLANG_WARN_DOCUMENTATION_COMMENTS = YES;
				CLANG_WARN_EMPTY_BODY = YES;
				CLANG_WARN_ENUM_CONVERSION = YES;
				CLANG_WARN_INFINITE_RECURSION = YES;
				CLANG_WARN_INT_CONVERSION = YES;
				CLANG_WARN_NON_LITERAL_NULL_CONVERSION = YES;
				CLANG_WARN_OBJC_IMPLICIT_RETAIN_SELF = YES;
				CLANG_WARN_OBJC_LITERAL_CONVERSION = YES;
				CLANG_WARN_OBJC_ROOT_CLASS = YES_ERROR;
				CLANG_WARN_QUOTED_INCLUDE_IN_FRAMEWORK_HEADER = YES;
				CLANG_WARN_RANGE_LOOP_ANALYSIS = YES;
				CLANG_WARN_STRICT_PROTOTYPES = YES;
				CLANG_WARN_SUSPICIOUS_MOVE = YES;
				CLANG_WARN_UNGUARDED_AVAILABILITY = YES_AGGRESSIVE;
				CLANG_WARN_UNREACHABLE_CODE = YES;
				CLANG_WARN__DUPLICATE_METHOD_MATCH = YES;
				COPY_PHASE_STRIP = NO;
				DEBUG_INFORMATION_FORMAT = "dwarf-with-dsym";
				ENABLE_NS_ASSERTIONS = NO;
				ENABLE_STRICT_OBJC_MSGSEND = YES;
				GCC_C_LANGUAGE_STANDARD = gnu11;
				GCC_NO_COMMON_BLOCKS = YES;
				GCC_WARN_64_TO_32_BIT_CONVERSION = YES;
				GCC_WARN_ABOUT_RETURN_TYPE = YES_ERROR;
				GCC_WARN_UNDECLARED_SELECTOR = YES;
				GCC_WARN_UNINITIALIZED_AUTOS = YES_AGGRESSIVE;
				GCC_WARN_UNUSED_FUNCTION = YES;
				GCC_WARN_UNUSED_VARIABLE = YES;
				IPHONEOS_DEPLOYMENT_TARGET = 15.2;
				MTL_ENABLE_DEBUG_INFO = NO;
				MTL_FAST_MATH = YES;
				SDKROOT = iphoneos;
				SWIFT_COMPILATION_MODE = wholemodule;
				SWIFT_OPTIMIZATION_LEVEL = "-O";
				VALIDATE_PRODUCT = YES;
			};
			name = Release;
		};
		E227D62E28BA2DEF002A0609 /* Debug */ = {
			isa = XCBuildConfiguration;
			buildSettings = {
				ASSETCATALOG_COMPILER_APPICON_NAME = AppIcon;
				ASSETCATALOG_COMPILER_GLOBAL_ACCENT_COLOR_NAME = AccentColor;
				CODE_SIGN_STYLE = Automatic;
				CURRENT_PROJECT_VERSION = 1;
				DEVELOPMENT_TEAM = U33UPZ9AHS;
				GENERATE_INFOPLIST_FILE = YES;
				INFOPLIST_FILE = ExpendLabelDemo/Info.plist;
				INFOPLIST_KEY_UIApplicationSupportsIndirectInputEvents = YES;
				INFOPLIST_KEY_UILaunchStoryboardName = LaunchScreen;
				INFOPLIST_KEY_UIMainStoryboardFile = Main;
				INFOPLIST_KEY_UISupportedInterfaceOrientations_iPad = "UIInterfaceOrientationPortrait UIInterfaceOrientationPortraitUpsideDown UIInterfaceOrientationLandscapeLeft UIInterfaceOrientationLandscapeRight";
				INFOPLIST_KEY_UISupportedInterfaceOrientations_iPhone = "UIInterfaceOrientationPortrait UIInterfaceOrientationLandscapeLeft UIInterfaceOrientationLandscapeRight";
				IPHONEOS_DEPLOYMENT_TARGET = 12.0;
				LD_RUNPATH_SEARCH_PATHS = (
					"$(inherited)",
					"@executable_path/Frameworks",
				);
				MARKETING_VERSION = 1.0;
				PRODUCT_BUNDLE_IDENTIFIER = com.vijay.ExpendLabelDemo;
				PRODUCT_NAME = "$(TARGET_NAME)";
				SWIFT_EMIT_LOC_STRINGS = YES;
				SWIFT_VERSION = 5.0;
				TARGETED_DEVICE_FAMILY = "1,2";
			};
			name = Debug;
		};
		E227D62F28BA2DEF002A0609 /* Release */ = {
			isa = XCBuildConfiguration;
			buildSettings = {
				ASSETCATALOG_COMPILER_APPICON_NAME = AppIcon;
				ASSETCATALOG_COMPILER_GLOBAL_ACCENT_COLOR_NAME = AccentColor;
				CODE_SIGN_STYLE = Automatic;
				CURRENT_PROJECT_VERSION = 1;
				DEVELOPMENT_TEAM = U33UPZ9AHS;
				GENERATE_INFOPLIST_FILE = YES;
				INFOPLIST_FILE = ExpendLabelDemo/Info.plist;
				INFOPLIST_KEY_UIApplicationSupportsIndirectInputEvents = YES;
				INFOPLIST_KEY_UILaunchStoryboardName = LaunchScreen;
				INFOPLIST_KEY_UIMainStoryboardFile = Main;
				INFOPLIST_KEY_UISupportedInterfaceOrientations_iPad = "UIInterfaceOrientationPortrait UIInterfaceOrientationPortraitUpsideDown UIInterfaceOrientationLandscapeLeft UIInterfaceOrientationLandscapeRight";
				INFOPLIST_KEY_UISupportedInterfaceOrientations_iPhone = "UIInterfaceOrientationPortrait UIInterfaceOrientationLandscapeLeft UIInterfaceOrientationLandscapeRight";
				IPHONEOS_DEPLOYMENT_TARGET = 12.0;
				LD_RUNPATH_SEARCH_PATHS = (
					"$(inherited)",
					"@executable_path/Frameworks",
				);
				MARKETING_VERSION = 1.0;
				PRODUCT_BUNDLE_IDENTIFIER = com.vijay.ExpendLabelDemo;
				PRODUCT_NAME = "$(TARGET_NAME)";
				SWIFT_EMIT_LOC_STRINGS = YES;
				SWIFT_VERSION = 5.0;
				TARGETED_DEVICE_FAMILY = "1,2";
			};
			name = Release;
		};
/* End XCBuildConfiguration section */

/* Begin XCConfigurationList section */
		E227D61428BA2DED002A0609 /* Build configuration list for PBXProject "ExpendLabelDemo" */ = {
			isa = XCConfigurationList;
			buildConfigurations = (
				E227D62B28BA2DEF002A0609 /* Debug */,
				E227D62C28BA2DEF002A0609 /* Release */,
			);
			defaultConfigurationIsVisible = 0;
			defaultConfigurationName = Release;
		};
		E227D62D28BA2DEF002A0609 /* Build configuration list for PBXNativeTarget "ExpendLabelDemo" */ = {
			isa = XCConfigurationList;
			buildConfigurations = (
				E227D62E28BA2DEF002A0609 /* Debug */,
				E227D62F28BA2DEF002A0609 /* Release */,
			);
			defaultConfigurationIsVisible = 0;
			defaultConfigurationName = Release;
		};
/* End XCConfigurationList section */
	};
	rootObject = E227D61128BA2DED002A0609 /* Project object */;
}
